
Microsoft Visual Studio Solution File, Format Version 12.00
# Visual Studio Version 17
VisualStudioVersion = 17.9.34728.123
MinimumVisualStudioVersion = 10.0.40219.1
Project("{FAE04EC0-301F-11D3-BF4B-00C04F79EFBC}") = "Task1", "Task1\Task1.csproj", "{4183B87D-EFC6-4BEF-879F-EFF43E1AD7FD}"
EndProject
Project("{FAE04EC0-301F-11D3-BF4B-00C04F79EFBC}") = "Task2", "Task2\Task2.csproj", "{8DFDF927-ED5C-4C37-ADAB-DE5D0769048B}"
EndProject
Project("{FAE04EC0-301F-11D3-BF4B-00C04F79EFBC}") = "Task3", "Task3\Task3.csproj", "{FBD33DDE-6E5D-4DDA-A897-B50FC447E094}"
EndProject
Global
	GlobalSection(SolutionConfigurationPlatforms) = preSolution
		Debug|Any CPU = Debug|Any CPU
		Release|Any CPU = Release|Any CPU
	EndGlobalSection
	GlobalSection(ProjectConfigurationPlatforms) = postSolution
		{4183B87D-EFC6-4BEF-879F-EFF43E1AD7FD}.Debug|Any CPU.ActiveCfg = Debug|Any CPU
		{4183B87D-EFC6-4BEF-879F-EFF43E1AD7FD}.Debug|Any CPU.Build.0 = Debug|Any CPU
		{4183B87D-EFC6-4BEF-879F-EFF43E1AD7FD}.Release|Any CPU.ActiveCfg = Release|Any CPU
		{4183B87D-EFC6-4BEF-879F-EFF43E1AD7FD}.Release|Any CPU.Build.0 = Release|Any CPU
		{8DFDF927-ED5C-4C37-ADAB-DE5D0769048B}.Debug|Any CPU.ActiveCfg = Debug|Any CPU
		{8DFDF927-ED5C-4C37-ADAB-DE5D0769048B}.Debug|Any CPU.Build.0 = Debug|Any CPU
		{8DFDF927-ED5C-4C37-ADAB-DE5D0769048B}.Release|Any CPU.ActiveCfg = Release|Any CPU
		{8DFDF927-ED5C-4C37-ADAB-DE5D0769048B}.Release|Any CPU.Build.0 = Release|Any CPU
		{FBD33DDE-6E5D-4DDA-A897-B50FC447E094}.Debug|Any CPU.ActiveCfg = Debug|Any CPU
		{FBD33DDE-6E5D-4DDA-A897-B50FC447E094}.Debug|Any CPU.Build.0 = Debug|Any CPU
		{FBD33DDE-6E5D-4DDA-A897-B50FC447E094}.Release|Any CPU.ActiveCfg = Release|Any CPU
		{FBD33DDE-6E5D-4DDA-A897-B50FC447E094}.Release|Any CPU.Build.0 = Release|Any CPU
	EndGlobalSection
	GlobalSection(SolutionProperties) = preSolution
		HideSolutionNode = FALSE
	EndGlobalSection
	GlobalSection(ExtensibilityGlobals) = postSolution
		SolutionGuid = {7B4DAC1F-38D3-435C-85BD-6F833BCA6112}
	EndGlobalSection
EndGlobal
